
Microsoft Visual Studio Solution File, Format Version 12.00
# Visual Studio Version 16
VisualStudioVersion = 16.0.30711.63
MinimumVisualStudioVersion = 10.0.40219.1
Project("{9A19103F-16F7-4668-BE54-9A1E7A4F7556}") = "PizzaParlour.Core", "PizzaParlour.Core\PizzaParlour.Core.csproj", "{071A0805-5CC7-4A3B-94B8-8042AE032C4E}"
EndProject
Project("{9A19103F-16F7-4668-BE54-9A1E7A4F7556}") = "PizzaParlour.CustomerManager.API", "PizzaParlour.CustomerManager.API\PizzaParlour.CustomerManager.API.csproj", "{1B743B7F-3DC3-41FC-B813-D17E1C7F49E9}"
EndProject
Project("{9A19103F-16F7-4668-BE54-9A1E7A4F7556}") = "PizzaParlour.CustomerManager.Aggregate", "PizzaParlour.CustomerManager.Aggregate\PizzaParlour.CustomerManager.Aggregate.csproj", "{BD2AE8C5-5BC9-47E9-88CE-75AE4662643F}"
EndProject
Project("{9A19103F-16F7-4668-BE54-9A1E7A4F7556}") = "PizzaParlour.CustomerManager.API.UnitTests", "PizzaParlour.CustomerManager.API.UnitTests\PizzaParlour.CustomerManager.API.UnitTests.csproj", "{2DEBF7D9-D42F-4D23-80CD-A9B150F1D96D}"
EndProject
Project("{FAE04EC0-301F-11D3-BF4B-00C04F79EFBC}") = "PizzaParlour.CustomerManager.Aggregate.UnitTests", "PizzaParlour.CustomerManager.Aggregate.UnitTests\PizzaParlour.CustomerManager.Aggregate.UnitTests.csproj", "{54704092-597F-486F-8203-DA5DB00970CC}"
EndProject
Global
	GlobalSection(SolutionConfigurationPlatforms) = preSolution
		Debug|Any CPU = Debug|Any CPU
		Release|Any CPU = Release|Any CPU
	EndGlobalSection
	GlobalSection(ProjectConfigurationPlatforms) = postSolution
		{071A0805-5CC7-4A3B-94B8-8042AE032C4E}.Debug|Any CPU.ActiveCfg = Debug|Any CPU
		{071A0805-5CC7-4A3B-94B8-8042AE032C4E}.Debug|Any CPU.Build.0 = Debug|Any CPU
		{071A0805-5CC7-4A3B-94B8-8042AE032C4E}.Release|Any CPU.ActiveCfg = Release|Any CPU
		{071A0805-5CC7-4A3B-94B8-8042AE032C4E}.Release|Any CPU.Build.0 = Release|Any CPU
		{1B743B7F-3DC3-41FC-B813-D17E1C7F49E9}.Debug|Any CPU.ActiveCfg = Debug|Any CPU
		{1B743B7F-3DC3-41FC-B813-D17E1C7F49E9}.Debug|Any CPU.Build.0 = Debug|Any CPU
		{1B743B7F-3DC3-41FC-B813-D17E1C7F49E9}.Release|Any CPU.ActiveCfg = Release|Any CPU
		{1B743B7F-3DC3-41FC-B813-D17E1C7F49E9}.Release|Any CPU.Build.0 = Release|Any CPU
		{BD2AE8C5-5BC9-47E9-88CE-75AE4662643F}.Debug|Any CPU.ActiveCfg = Debug|Any CPU
		{BD2AE8C5-5BC9-47E9-88CE-75AE4662643F}.Debug|Any CPU.Build.0 = Debug|Any CPU
		{BD2AE8C5-5BC9-47E9-88CE-75AE4662643F}.Release|Any CPU.ActiveCfg = Release|Any CPU
		{BD2AE8C5-5BC9-47E9-88CE-75AE4662643F}.Release|Any CPU.Build.0 = Release|Any CPU
		{2DEBF7D9-D42F-4D23-80CD-A9B150F1D96D}.Debug|Any CPU.ActiveCfg = Debug|Any CPU
		{2DEBF7D9-D42F-4D23-80CD-A9B150F1D96D}.Debug|Any CPU.Build.0 = Debug|Any CPU
		{2DEBF7D9-D42F-4D23-80CD-A9B150F1D96D}.Release|Any CPU.ActiveCfg = Release|Any CPU
		{2DEBF7D9-D42F-4D23-80CD-A9B150F1D96D}.Release|Any CPU.Build.0 = Release|Any CPU
		{54704092-597F-486F-8203-DA5DB00970CC}.Debug|Any CPU.ActiveCfg = Debug|Any CPU
		{54704092-597F-486F-8203-DA5DB00970CC}.Debug|Any CPU.Build.0 = Debug|Any CPU
		{54704092-597F-486F-8203-DA5DB00970CC}.Release|Any CPU.ActiveCfg = Release|Any CPU
		{54704092-597F-486F-8203-DA5DB00970CC}.Release|Any CPU.Build.0 = Release|Any CPU
	EndGlobalSection
	GlobalSection(SolutionProperties) = preSolution
		HideSolutionNode = FALSE
	EndGlobalSection
	GlobalSection(ExtensibilityGlobals) = postSolution
		SolutionGuid = {002BC5AA-A142-4FBB-94C7-CC8CC2D7433F}
	EndGlobalSection
EndGlobal
